
Microsoft Visual Studio Solution File, Format Version 12.00
# Visual Studio Version 17
VisualStudioVersion = 17.8.34212.112
MinimumVisualStudioVersion = 10.0.40219.1
Project("{FAE04EC0-301F-11D3-BF4B-00C04F79EFBC}") = "Application", "Application.csproj", "{2DBB5E12-D250-40A4-BAD2-2D6DDAE3079A}"
EndProject
Global
	GlobalSection(SolutionConfigurationPlatforms) = preSolution
		Debug|Any CPU = Debug|Any CPU
		Release|Any CPU = Release|Any CPU
	EndGlobalSection
	GlobalSection(ProjectConfigurationPlatforms) = postSolution
		{2DBB5E12-D250-40A4-BAD2-2D6DDAE3079A}.Debug|Any CPU.ActiveCfg = Debug|Any CPU
		{2DBB5E12-D250-40A4-BAD2-2D6DDAE3079A}.Debug|Any CPU.Build.0 = Debug|Any CPU
		{2DBB5E12-D250-40A4-BAD2-2D6DDAE3079A}.Release|Any CPU.ActiveCfg = Release|Any CPU
		{2DBB5E12-D250-40A4-BAD2-2D6DDAE3079A}.Release|Any CPU.Build.0 = Release|Any CPU
	EndGlobalSection
	GlobalSection(SolutionProperties) = preSolution
		HideSolutionNode = FALSE
	EndGlobalSection
	GlobalSection(ExtensibilityGlobals) = postSolution
		SolutionGuid = {5CFD282A-2A43-4B2E-A252-98B8B26005BE}
	EndGlobalSection
EndGlobal
